
Microsoft Visual Studio Solution File, Format Version 12.00
# Visual Studio 15
VisualStudioVersion = 15.0.27130.2027
MinimumVisualStudioVersion = 10.0.40219.1
Project("{FAE04EC0-301F-11D3-BF4B-00C04F79EFBC}") = "EsStore", "EsStore\EsStore.csproj", "{0688B3E0-B1C0-4A7A-A092-9F207A43DA18}"
EndProject
Global
	GlobalSection(SolutionConfigurationPlatforms) = preSolution
		Debug|Any CPU = Debug|Any CPU
		Release|Any CPU = Release|Any CPU
	EndGlobalSection
	GlobalSection(ProjectConfigurationPlatforms) = postSolution
		{0688B3E0-B1C0-4A7A-A092-9F207A43DA18}.Debug|Any CPU.ActiveCfg = Debug|Any CPU
		{0688B3E0-B1C0-4A7A-A092-9F207A43DA18}.Debug|Any CPU.Build.0 = Debug|Any CPU
		{0688B3E0-B1C0-4A7A-A092-9F207A43DA18}.Release|Any CPU.ActiveCfg = Release|Any CPU
		{0688B3E0-B1C0-4A7A-A092-9F207A43DA18}.Release|Any CPU.Build.0 = Release|Any CPU
	EndGlobalSection
	GlobalSection(SolutionProperties) = preSolution
		HideSolutionNode = FALSE
	EndGlobalSection
	GlobalSection(ExtensibilityGlobals) = postSolution
		SolutionGuid = {FE60C2E8-3B0C-420D-892D-CAC214E03EC2}
	EndGlobalSection
EndGlobal
